# THIS IS AN AUTOGENERATED FILE. DO NOT EDIT THIS FILE DIRECTLY.
# yarn lockfile v1


ajv-keywords@^3.1.0:
  version "3.2.0"
  resolved "https://registry.yarnpkg.com/ajv-keywords/-/ajv-keywords-3.2.0.tgz#e86b819c602cf8821ad637413698f1dec021847a"

ajv@^6.1.0:
  version "6.5.2"
  resolved "https://registry.yarnpkg.com/ajv/-/ajv-6.5.2.tgz#678495f9b82f7cca6be248dd92f59bff5e1f4360"
  dependencies:
    fast-deep-equal "^2.0.1"
    fast-json-stable-stringify "^2.0.0"
    json-schema-traverse "^0.4.1"
    uri-js "^4.2.1"

big.js@^3.1.3:
  version "3.2.0"
  resolved "https://registry.yarnpkg.com/big.js/-/big.js-3.2.0.tgz#a5fc298b81b9e0dca2e458824784b65c52ba588e"

concurrify@^1.0.0:
  version "1.0.3"
  resolved "https://registry.yarnpkg.com/concurrify/-/concurrify-1.0.3.tgz#591f4675271b5ee5b90ef209eadda37b782e735b"
  dependencies:
    sanctuary-type-classes "^8.0.0"
    sanctuary-type-identifiers "^2.0.0"

denque@^1.1.1:
  version "1.3.0"
  resolved "https://registry.yarnpkg.com/denque/-/denque-1.3.0.tgz#681092ef44a630246d3f6edb2a199230eae8e76b"

emojis-list@^2.0.0:
  version "2.1.0"
  resolved "https://registry.yarnpkg.com/emojis-list/-/emojis-list-2.1.0.tgz#4daa4d9db00f9819880c79fa457ae5b09a1fd389"

fast-deep-equal@^2.0.1:
  version "2.0.1"
  resolved "https://registry.yarnpkg.com/fast-deep-equal/-/fast-deep-equal-2.0.1.tgz#7b05218ddf9667bf7f370bf7fdb2cb15fdd0aa49"

fast-json-stable-stringify@^2.0.0:
  version "2.0.0"
  resolved "https://registry.yarnpkg.com/fast-json-stable-stringify/-/fast-json-stable-stringify-2.0.0.tgz#d5142c0caee6b1189f87d3a76111064f86c8bbf2"

fluture@^8.0.2:
  version "8.0.2"
  resolved "https://registry.yarnpkg.com/fluture/-/fluture-8.0.2.tgz#015f8b36b994188fb33d3bfa0da327b520a5e047"
  dependencies:
    concurrify "^1.0.0"
    denque "^1.1.1"
    inspect-f "^1.2.0"
    sanctuary-type-classes "^8.0.0"
    sanctuary-type-identifiers "^2.0.0"

inspect-f@^1.2.0:
  version "1.2.2"
  resolved "https://registry.yarnpkg.com/inspect-f/-/inspect-f-1.2.2.tgz#7572803dc59099850e51d5c94f3d7962df10e46d"

json-schema-traverse@^0.4.1:
  version "0.4.1"
  resolved "https://registry.yarnpkg.com/json-schema-traverse/-/json-schema-traverse-0.4.1.tgz#69f6a87d9513ab8bb8fe63bdb0979c448e684660"

json5@^0.5.0:
  version "0.5.1"
  resolved "https://registry.yarnpkg.com/json5/-/json5-0.5.1.tgz#1eade7acc012034ad84e2396767ead9fa5495821"

loader-utils@^1.0.0:
  version "1.1.0"
  resolved "https://registry.yarnpkg.com/loader-utils/-/loader-utils-1.1.0.tgz#c98aef488bcceda2ffb5e2de646d6a754429f5cd"
  dependencies:
    big.js "^3.1.3"
    emojis-list "^2.0.0"
    json5 "^0.5.0"

node-ensure@^0.0.0:
  version "0.0.0"
  resolved "https://registry.yarnpkg.com/node-ensure/-/node-ensure-0.0.0.tgz#ecae764150de99861ec5c810fd5d096b183932a7"

pdfjs-dist@^2.0.489:
  version "2.0.489"
  resolved "https://registry.yarnpkg.com/pdfjs-dist/-/pdfjs-dist-2.0.489.tgz#63e54b292a86790a454697eb44d4347b8fbfad27"
  dependencies:
    node-ensure "^0.0.0"
    worker-loader "^1.1.1"

punycode@^2.1.0:
  version "2.1.1"
  resolved "https://registry.yarnpkg.com/punycode/-/punycode-2.1.1.tgz#b58b010ac40c22c5657616c8d2c2c02c7bf479ec"

ramda-fantasy@^0.8.0:
  version "0.8.0"
  resolved "https://registry.yarnpkg.com/ramda-fantasy/-/ramda-fantasy-0.8.0.tgz#9e8c37d93ec0a70796cfc10873dd9c50850390f6"
  dependencies:
    ramda ">=0.15.0"

ramda@>=0.15.0:
  version "0.25.0"
  resolved "https://registry.yarnpkg.com/ramda/-/ramda-0.25.0.tgz#8fdf68231cffa90bc2f9460390a0cb74a29b29a9"

sanctuary-type-classes@^8.0.0:
  version "8.2.1"
  resolved "https://registry.yarnpkg.com/sanctuary-type-classes/-/sanctuary-type-classes-8.2.1.tgz#49b6b76d3720336fa2a6c058b7c29296e60713f5"
  dependencies:
    sanctuary-type-identifiers "1.0.x"

sanctuary-type-identifiers@1.0.x:
  version "1.0.0"
  resolved "https://registry.yarnpkg.com/sanctuary-type-identifiers/-/sanctuary-type-identifiers-1.0.0.tgz#e8f359f006cb5e624cfb8464603fc114608bde9f"

sanctuary-type-identifiers@^2.0.0:
  version "2.0.1"
  resolved "https://registry.yarnpkg.com/sanctuary-type-identifiers/-/sanctuary-type-identifiers-2.0.1.tgz#fc524cf6dd92cebfcbb0dd9509eff193159a20ed"

schema-utils@^0.4.0:
  version "0.4.5"
  resolved "https://registry.yarnpkg.com/schema-utils/-/schema-utils-0.4.5.tgz#21836f0608aac17b78f9e3e24daff14a5ca13a3e"
  dependencies:
    ajv "^6.1.0"
    ajv-keywords "^3.1.0"

uri-js@^4.2.1:
  version "4.2.2"
  resolved "https://registry.yarnpkg.com/uri-js/-/uri-js-4.2.2.tgz#94c540e1ff772956e2299507c010aea6c8838eb0"
  dependencies:
    punycode "^2.1.0"

worker-loader@^1.1.1:
  version "1.1.1"
  resolved "https://registry.yarnpkg.com/worker-loader/-/worker-loader-1.1.1.tgz#920d74ddac6816fc635392653ed8b4af1929fd92"
  dependencies:
    loader-utils "^1.0.0"
    schema-utils "^0.4.0"
